
Microsoft Visual Studio Solution File, Format Version 12.00
# Visual Studio Version 17
VisualStudioVersion = 17.0.31903.59
MinimumVisualStudioVersion = 10.0.40219.1
Project("{FAE04EC0-301F-11D3-BF4B-00C04F79EFBC}") = "Application", "Application\Application.csproj", "{A4013E35-E400-40C7-9F1F-626C916A5D93}"
EndProject
Project("{FAE04EC0-301F-11D3-BF4B-00C04F79EFBC}") = "Domain", "Domain\Domain.csproj", "{CA7DB7CA-0301-4D65-AEC2-DC53123337C5}"
EndProject
Project("{FAE04EC0-301F-11D3-BF4B-00C04F79EFBC}") = "Infrastructure", "Infrastructure\Infrastructure.csproj", "{91E1FA79-A50F-4A83-AA00-1DA0FC0B6D82}"
EndProject
Project("{FAE04EC0-301F-11D3-BF4B-00C04F79EFBC}") = "WebApp", "WebApp\WebApp.csproj", "{2C438ED5-E492-4ADE-8DA9-A34396E53D92}"
EndProject
Global
	GlobalSection(SolutionConfigurationPlatforms) = preSolution
		Debug|Any CPU = Debug|Any CPU
		Debug|x64 = Debug|x64
		Debug|x86 = Debug|x86
		Release|Any CPU = Release|Any CPU
		Release|x64 = Release|x64
		Release|x86 = Release|x86
	EndGlobalSection
	GlobalSection(ProjectConfigurationPlatforms) = postSolution
		{A4013E35-E400-40C7-9F1F-626C916A5D93}.Debug|Any CPU.ActiveCfg = Debug|Any CPU
		{A4013E35-E400-40C7-9F1F-626C916A5D93}.Debug|Any CPU.Build.0 = Debug|Any CPU
		{A4013E35-E400-40C7-9F1F-626C916A5D93}.Debug|x64.ActiveCfg = Debug|Any CPU
		{A4013E35-E400-40C7-9F1F-626C916A5D93}.Debug|x64.Build.0 = Debug|Any CPU
		{A4013E35-E400-40C7-9F1F-626C916A5D93}.Debug|x86.ActiveCfg = Debug|Any CPU
		{A4013E35-E400-40C7-9F1F-626C916A5D93}.Debug|x86.Build.0 = Debug|Any CPU
		{A4013E35-E400-40C7-9F1F-626C916A5D93}.Release|Any CPU.ActiveCfg = Release|Any CPU
		{A4013E35-E400-40C7-9F1F-626C916A5D93}.Release|Any CPU.Build.0 = Release|Any CPU
		{A4013E35-E400-40C7-9F1F-626C916A5D93}.Release|x64.ActiveCfg = Release|Any CPU
		{A4013E35-E400-40C7-9F1F-626C916A5D93}.Release|x64.Build.0 = Release|Any CPU
		{A4013E35-E400-40C7-9F1F-626C916A5D93}.Release|x86.ActiveCfg = Release|Any CPU
		{A4013E35-E400-40C7-9F1F-626C916A5D93}.Release|x86.Build.0 = Release|Any CPU
		{CA7DB7CA-0301-4D65-AEC2-DC53123337C5}.Debug|Any CPU.ActiveCfg = Debug|Any CPU
		{CA7DB7CA-0301-4D65-AEC2-DC53123337C5}.Debug|Any CPU.Build.0 = Debug|Any CPU
		{CA7DB7CA-0301-4D65-AEC2-DC53123337C5}.Debug|x64.ActiveCfg = Debug|Any CPU
		{CA7DB7CA-0301-4D65-AEC2-DC53123337C5}.Debug|x64.Build.0 = Debug|Any CPU
		{CA7DB7CA-0301-4D65-AEC2-DC53123337C5}.Debug|x86.ActiveCfg = Debug|Any CPU
		{CA7DB7CA-0301-4D65-AEC2-DC53123337C5}.Debug|x86.Build.0 = Debug|Any CPU
		{CA7DB7CA-0301-4D65-AEC2-DC53123337C5}.Release|Any CPU.ActiveCfg = Release|Any CPU
		{CA7DB7CA-0301-4D65-AEC2-DC53123337C5}.Release|Any CPU.Build.0 = Release|Any CPU
		{CA7DB7CA-0301-4D65-AEC2-DC53123337C5}.Release|x64.ActiveCfg = Release|Any CPU
		{CA7DB7CA-0301-4D65-AEC2-DC53123337C5}.Release|x64.Build.0 = Release|Any CPU
		{CA7DB7CA-0301-4D65-AEC2-DC53123337C5}.Release|x86.ActiveCfg = Release|Any CPU
		{CA7DB7CA-0301-4D65-AEC2-DC53123337C5}.Release|x86.Build.0 = Release|Any CPU
		{91E1FA79-A50F-4A83-AA00-1DA0FC0B6D82}.Debug|Any CPU.ActiveCfg = Debug|Any CPU
		{91E1FA79-A50F-4A83-AA00-1DA0FC0B6D82}.Debug|Any CPU.Build.0 = Debug|Any CPU
		{91E1FA79-A50F-4A83-AA00-1DA0FC0B6D82}.Debug|x64.ActiveCfg = Debug|Any CPU
		{91E1FA79-A50F-4A83-AA00-1DA0FC0B6D82}.Debug|x64.Build.0 = Debug|Any CPU
		{91E1FA79-A50F-4A83-AA00-1DA0FC0B6D82}.Debug|x86.ActiveCfg = Debug|Any CPU
		{91E1FA79-A50F-4A83-AA00-1DA0FC0B6D82}.Debug|x86.Build.0 = Debug|Any CPU
		{91E1FA79-A50F-4A83-AA00-1DA0FC0B6D82}.Release|Any CPU.ActiveCfg = Release|Any CPU
		{91E1FA79-A50F-4A83-AA00-1DA0FC0B6D82}.Release|Any CPU.Build.0 = Release|Any CPU
		{91E1FA79-A50F-4A83-AA00-1DA0FC0B6D82}.Release|x64.ActiveCfg = Release|Any CPU
		{91E1FA79-A50F-4A83-AA00-1DA0FC0B6D82}.Release|x64.Build.0 = Release|Any CPU
		{91E1FA79-A50F-4A83-AA00-1DA0FC0B6D82}.Release|x86.ActiveCfg = Release|Any CPU
		{91E1FA79-A50F-4A83-AA00-1DA0FC0B6D82}.Release|x86.Build.0 = Release|Any CPU
		{2C438ED5-E492-4ADE-8DA9-A34396E53D92}.Debug|Any CPU.ActiveCfg = Debug|Any CPU
		{2C438ED5-E492-4ADE-8DA9-A34396E53D92}.Debug|Any CPU.Build.0 = Debug|Any CPU
		{2C438ED5-E492-4ADE-8DA9-A34396E53D92}.Debug|x64.ActiveCfg = Debug|Any CPU
		{2C438ED5-E492-4ADE-8DA9-A34396E53D92}.Debug|x64.Build.0 = Debug|Any CPU
		{2C438ED5-E492-4ADE-8DA9-A34396E53D92}.Debug|x86.ActiveCfg = Debug|Any CPU
		{2C438ED5-E492-4ADE-8DA9-A34396E53D92}.Debug|x86.Build.0 = Debug|Any CPU
		{2C438ED5-E492-4ADE-8DA9-A34396E53D92}.Release|Any CPU.ActiveCfg = Release|Any CPU
		{2C438ED5-E492-4ADE-8DA9-A34396E53D92}.Release|Any CPU.Build.0 = Release|Any CPU
		{2C438ED5-E492-4ADE-8DA9-A34396E53D92}.Release|x64.ActiveCfg = Release|Any CPU
		{2C438ED5-E492-4ADE-8DA9-A34396E53D92}.Release|x64.Build.0 = Release|Any CPU
		{2C438ED5-E492-4ADE-8DA9-A34396E53D92}.Release|x86.ActiveCfg = Release|Any CPU
		{2C438ED5-E492-4ADE-8DA9-A34396E53D92}.Release|x86.Build.0 = Release|Any CPU
	EndGlobalSection
	GlobalSection(SolutionProperties) = preSolution
		HideSolutionNode = FALSE
	EndGlobalSection
EndGlobal
